
Microsoft Visual Studio Solution File, Format Version 12.00
# Visual Studio 15
VisualStudioVersion = 15.0.27703.2042
MinimumVisualStudioVersion = 10.0.40219.1
Project("{FAE04EC0-301F-11D3-BF4B-00C04F79EFBC}") = "Api", "Api\Api.csproj", "{9B2A8602-B572-4892-AF9B-E6EE543D8412}"
EndProject
Project("{FAE04EC0-301F-11D3-BF4B-00C04F79EFBC}") = "Api.Tests", "Api.Tests\Api.Tests.csproj", "{271328E1-9A64-4E82-9122-24C64D436F3B}"
EndProject
Project("{FAE04EC0-301F-11D3-BF4B-00C04F79EFBC}") = "Mvc", "Mvc\Mvc.csproj", "{D464C2D1-9691-4ABC-807B-CF58BF6B61F0}"
EndProject
Global
	GlobalSection(SolutionConfigurationPlatforms) = preSolution
		Debug|Any CPU = Debug|Any CPU
		Release|Any CPU = Release|Any CPU
	EndGlobalSection
	GlobalSection(ProjectConfigurationPlatforms) = postSolution
		{9B2A8602-B572-4892-AF9B-E6EE543D8412}.Debug|Any CPU.ActiveCfg = Debug|Any CPU
		{9B2A8602-B572-4892-AF9B-E6EE543D8412}.Debug|Any CPU.Build.0 = Debug|Any CPU
		{9B2A8602-B572-4892-AF9B-E6EE543D8412}.Release|Any CPU.ActiveCfg = Release|Any CPU
		{9B2A8602-B572-4892-AF9B-E6EE543D8412}.Release|Any CPU.Build.0 = Release|Any CPU
		{271328E1-9A64-4E82-9122-24C64D436F3B}.Debug|Any CPU.ActiveCfg = Debug|Any CPU
		{271328E1-9A64-4E82-9122-24C64D436F3B}.Debug|Any CPU.Build.0 = Debug|Any CPU
		{271328E1-9A64-4E82-9122-24C64D436F3B}.Release|Any CPU.ActiveCfg = Release|Any CPU
		{271328E1-9A64-4E82-9122-24C64D436F3B}.Release|Any CPU.Build.0 = Release|Any CPU
		{D464C2D1-9691-4ABC-807B-CF58BF6B61F0}.Debug|Any CPU.ActiveCfg = Debug|Any CPU
		{D464C2D1-9691-4ABC-807B-CF58BF6B61F0}.Debug|Any CPU.Build.0 = Debug|Any CPU
		{D464C2D1-9691-4ABC-807B-CF58BF6B61F0}.Release|Any CPU.ActiveCfg = Release|Any CPU
		{D464C2D1-9691-4ABC-807B-CF58BF6B61F0}.Release|Any CPU.Build.0 = Release|Any CPU
	EndGlobalSection
	GlobalSection(SolutionProperties) = preSolution
		HideSolutionNode = FALSE
	EndGlobalSection
	GlobalSection(ExtensibilityGlobals) = postSolution
		SolutionGuid = {331D5466-2D54-49ED-A1E4-888B0BAE07E5}
	EndGlobalSection
EndGlobal
